{
  "name": "ExpensesTracker",
  "lockfileVersion": 3,
  "requires": true,
  "packages": {
    "": {
      "dependencies": {
        "@fluentui/react": "^8.118.4",
        "formik": "^2.4.6",
        "yup": "^1.4.0"
      }
    },
    "node_modules/@fluentui/date-time-utilities": {
      "version": "8.6.5",
      "resolved": "https://registry.npmjs.org/@fluentui/date-time-utilities/-/date-time-utilities-8.6.5.tgz",
      "integrity": "sha512-RmsJcBuph1kj/GfJWwY3n75sSO0hx0UfHNT80c02q7TTyBaPWmzaDJjvli0Ye52s1u+0Os26MTXihN4FO3EPqg==",
      "dependencies": {
        "@fluentui/set-version": "^8.2.19",
        "tslib": "^2.1.0"
      }
    },
    "node_modules/@fluentui/dom-utilities": {
      "version": "2.3.3",
      "resolved": "https://registry.npmjs.org/@fluentui/dom-utilities/-/dom-utilities-2.3.3.tgz",
      "integrity": "sha512-7NAlSaFS0mP3IBv6+thnJUmHF93YG5fzidRDZez+smsZelE/w4AYq9NVjBo4i8v93SCAjG4jJT0uvbTmuuxI5w==",
      "dependencies": {
        "@fluentui/set-version": "^8.2.19",
        "tslib": "^2.1.0"
      }
    },
    "node_modules/@fluentui/font-icons-mdl2": {
      "version": "8.5.40",
      "resolved": "https://registry.npmjs.org/@fluentui/font-icons-mdl2/-/font-icons-mdl2-8.5.40.tgz",
      "integrity": "sha512-Siae5/nwqSplN5fQLvFSX+0a+E7OgFul7MyuYa9J5GZHSm3tBvm34hrEVaFQoNDiteN7YpJ/ZXYIAehi0K1Tbw==",
      "dependencies": {
        "@fluentui/set-version": "^8.2.19",
        "@fluentui/style-utilities": "^8.10.11",
        "@fluentui/utilities": "^8.15.6",
        "tslib": "^2.1.0"
      }
    },
    "node_modules/@fluentui/foundation-legacy": {
      "version": "8.4.6",
      "resolved": "https://registry.npmjs.org/@fluentui/foundation-legacy/-/foundation-legacy-8.4.6.tgz",
      "integrity": "sha512-csUZh2SyqWD93RzMrCc9pO37pbtj8nO4dSWmmlYXDTgGZopezs/BRpByHWlqDg40xdVWPqxZnG8AoOT2aAeeVw==",
      "dependencies": {
        "@fluentui/merge-styles": "^8.6.6",
        "@fluentui/set-version": "^8.2.19",
        "@fluentui/style-utilities": "^8.10.11",
        "@fluentui/utilities": "^8.15.6",
        "tslib": "^2.1.0"
      },
      "peerDependencies": {
        "@types/react": ">=16.8.0 <19.0.0",
        "react": ">=16.8.0 <19.0.0"
      }
    },
    "node_modules/@fluentui/keyboard-key": {
      "version": "0.4.19",
      "resolved": "https://registry.npmjs.org/@fluentui/keyboard-key/-/keyboard-key-0.4.19.tgz",
      "integrity": "sha512-ixewY7V37Rii3TWQhwYRNONvzph+ROqZkaIgsPbDvL3Vxh7Wl+Nvl50YotpQ8VyN3FqzYwGfad2MAIrL/zdgCg==",
      "dependencies": {
        "tslib": "^2.1.0"
      }
    },
    "node_modules/@fluentui/merge-styles": {
      "version": "8.6.6",
      "resolved": "https://registry.npmjs.org/@fluentui/merge-styles/-/merge-styles-8.6.6.tgz",
      "integrity": "sha512-qvTkAZVgJD3nvCs8Iu+DI1eojnOlj/IUaiF4kQ88uemp35xbVYHA+xuUZMZr9hy1MjxPeApXgYcnemKXSidBqw==",
      "dependencies": {
        "@fluentui/set-version": "^8.2.19",
        "tslib": "^2.1.0"
      }
    },
    "node_modules/@fluentui/react": {
      "version": "8.118.4",
      "resolved": "https://registry.npmjs.org/@fluentui/react/-/react-8.118.4.tgz",
      "integrity": "sha512-+3vJztu6fCIDpoIuQ1xU4/V+p1aw1IYTkZNk3mb/St444n9S1PmlIjJezFkdJvBCUfhvNIVJ35ANZM1VMECH5g==",
      "dependencies": {
        "@fluentui/date-time-utilities": "^8.6.5",
        "@fluentui/font-icons-mdl2": "^8.5.40",
        "@fluentui/foundation-legacy": "^8.4.6",
        "@fluentui/merge-styles": "^8.6.6",
        "@fluentui/react-focus": "^8.9.3",
        "@fluentui/react-hooks": "^8.8.3",
        "@fluentui/react-portal-compat-context": "^9.0.11",
        "@fluentui/react-window-provider": "^2.2.23",
        "@fluentui/set-version": "^8.2.19",
        "@fluentui/style-utilities": "^8.10.11",
        "@fluentui/theme": "^2.6.49",
        "@fluentui/utilities": "^8.15.6",
        "@microsoft/load-themed-styles": "^1.10.26",
        "tslib": "^2.1.0"
      },
      "peerDependencies": {
        "@types/react": ">=16.8.0 <19.0.0",
        "@types/react-dom": ">=16.8.0 <19.0.0",
        "react": ">=16.8.0 <19.0.0",
        "react-dom": ">=16.8.0 <19.0.0"
      }
    },
    "node_modules/@fluentui/react-focus": {
      "version": "8.9.3",
      "resolved": "https://registry.npmjs.org/@fluentui/react-focus/-/react-focus-8.9.3.tgz",
      "integrity": "sha512-i3CVItd4fny1Wb2LP1Lv0ZScWPcYj1/zpYp9duJPrCnX5YDGbhtL3MFgXGc5Pi4MxUPGMvab8mwCKC2cGeqV0g==",
      "dependencies": {
        "@fluentui/keyboard-key": "^0.4.19",
        "@fluentui/merge-styles": "^8.6.6",
        "@fluentui/set-version": "^8.2.19",
        "@fluentui/style-utilities": "^8.10.11",
        "@fluentui/utilities": "^8.15.6",
        "tslib": "^2.1.0"
      },
      "peerDependencies": {
        "@types/react": ">=16.8.0 <19.0.0",
        "react": ">=16.8.0 <19.0.0"
      }
    },
    "node_modules/@fluentui/react-hooks": {
      "version": "8.8.3",
      "resolved": "https://registry.npmjs.org/@fluentui/react-hooks/-/react-hooks-8.8.3.tgz",
      "integrity": "sha512-qbG0neFUHgzz/9oyean2w5BqJWdHM4+4wCfyXtwIeESG8lmzQ5Uf6WBoanxjYnaVa+licb8+XCfEgpQD0wzvlw==",
      "dependencies": {
        "@fluentui/react-window-provider": "^2.2.23",
        "@fluentui/set-version": "^8.2.19",
        "@fluentui/utilities": "^8.15.6",
        "tslib": "^2.1.0"
      },
      "peerDependencies": {
        "@types/react": ">=16.8.0 <19.0.0",
        "react": ">=16.8.0 <19.0.0"
      }
    },
    "node_modules/@fluentui/react-portal-compat-context": {
      "version": "9.0.11",
      "resolved": "https://registry.npmjs.org/@fluentui/react-portal-compat-context/-/react-portal-compat-context-9.0.11.tgz",
      "integrity": "sha512-ubvW/ej0O+Pago9GH3mPaxzUgsNnBoqvghNamWjyKvZIViyaXUG6+sgcAl721R+qGAFac+A20akI5qDJz/xtdg==",
      "dependencies": {
        "@swc/helpers": "^0.5.1"
      },
      "peerDependencies": {
        "@types/react": ">=16.14.0 <19.0.0",
        "react": ">=16.14.0 <19.0.0"
      }
    },
    "node_modules/@fluentui/react-window-provider": {
      "version": "2.2.23",
      "resolved": "https://registry.npmjs.org/@fluentui/react-window-provider/-/react-window-provider-2.2.23.tgz",
      "integrity": "sha512-g0K8aubH0mszIJEEpBt7pWzAvH9ECpeBKC2k7J5XP5b7/ZZkNPh5kg1O3KyQgfDNSMh5+im4NW+wyPsfqXb5xQ==",
      "dependencies": {
        "@fluentui/set-version": "^8.2.19",
        "tslib": "^2.1.0"
      },
      "peerDependencies": {
        "@types/react": ">=16.8.0 <19.0.0",
        "react": ">=16.8.0 <19.0.0"
      }
    },
    "node_modules/@fluentui/set-version": {
      "version": "8.2.19",
      "resolved": "https://registry.npmjs.org/@fluentui/set-version/-/set-version-8.2.19.tgz",
      "integrity": "sha512-Q/SPZ9kY6hXX7MiO6KOEDP8uaxiAGRDyxRAMuTdrGpeVSmax7wg/+soDRZg5Cz+yMnncmyQoMeIeLiuGXsOkQQ==",
      "dependencies": {
        "tslib": "^2.1.0"
      }
    },
    "node_modules/@fluentui/style-utilities": {
      "version": "8.10.11",
      "resolved": "https://registry.npmjs.org/@fluentui/style-utilities/-/style-utilities-8.10.11.tgz",
      "integrity": "sha512-cKqaNGO+5Gmeomrkhm2x+nT+BP01T1nXsMUYcNQ9tOYkc4QvpWJmu+VJAEjlvUpz/pwk+d5LqQtnFGFjMxlN9A==",
      "dependencies": {
        "@fluentui/merge-styles": "^8.6.6",
        "@fluentui/set-version": "^8.2.19",
        "@fluentui/theme": "^2.6.49",
        "@fluentui/utilities": "^8.15.6",
        "@microsoft/load-themed-styles": "^1.10.26",
        "tslib": "^2.1.0"
      }
    },
    "node_modules/@fluentui/theme": {
      "version": "2.6.49",
      "resolved": "https://registry.npmjs.org/@fluentui/theme/-/theme-2.6.49.tgz",
      "integrity": "sha512-Gv93+cvYsTbBA3/ser9FVFAPHx6D/EZAf6h2BMqtZuKwuYicaRR48QnpG9iwNjUSmyuEIYE4Zkw1xHK3i3Y+gQ==",
      "dependencies": {
        "@fluentui/merge-styles": "^8.6.6",
        "@fluentui/set-version": "^8.2.19",
        "@fluentui/utilities": "^8.15.6",
        "tslib": "^2.1.0"
      },
      "peerDependencies": {
        "@types/react": ">=16.8.0 <19.0.0",
        "react": ">=16.8.0 <19.0.0"
      }
    },
    "node_modules/@fluentui/utilities": {
      "version": "8.15.6",
      "resolved": "https://registry.npmjs.org/@fluentui/utilities/-/utilities-8.15.6.tgz",
      "integrity": "sha512-oK6d0zeiHgQ0bl4/i4fnJ/Pd33q24jyWOLjwttmbVz8Kow0ySUSTJlVwnJfodrzjUCc770n7UW4v32XJr9f9MQ==",
      "dependencies": {
        "@fluentui/dom-utilities": "^2.3.3",
        "@fluentui/merge-styles": "^8.6.6",
        "@fluentui/react-window-provider": "^2.2.23",
        "@fluentui/set-version": "^8.2.19",
        "tslib": "^2.1.0"
      },
      "peerDependencies": {
        "@types/react": ">=16.8.0 <19.0.0",
        "react": ">=16.8.0 <19.0.0"
      }
    },
    "node_modules/@microsoft/load-themed-styles": {
      "version": "1.10.295",
      "resolved": "https://registry.npmjs.org/@microsoft/load-themed-styles/-/load-themed-styles-1.10.295.tgz",
      "integrity": "sha512-W+IzEBw8a6LOOfRJM02dTT7BDZijxm+Z7lhtOAz1+y9vQm1Kdz9jlAO+qCEKsfxtUOmKilW8DIRqFw2aUgKeGg=="
    },
    "node_modules/@swc/helpers": {
      "version": "0.5.11",
      "resolved": "https://registry.npmjs.org/@swc/helpers/-/helpers-0.5.11.tgz",
      "integrity": "sha512-YNlnKRWF2sVojTpIyzwou9XoTNbzbzONwRhOoniEioF1AtaitTvVZblaQRrAzChWQ1bLYyYSWzM18y4WwgzJ+A==",
      "dependencies": {
        "tslib": "^2.4.0"
      }
    },
    "node_modules/@types/hoist-non-react-statics": {
      "version": "3.3.5",
      "resolved": "https://registry.npmjs.org/@types/hoist-non-react-statics/-/hoist-non-react-statics-3.3.5.tgz",
      "integrity": "sha512-SbcrWzkKBw2cdwRTwQAswfpB9g9LJWfjtUeW/jvNwbhC8cpmmNYVePa+ncbUe0rGTQ7G3Ff6mYUN2VMfLVr+Sg==",
      "dependencies": {
        "@types/react": "*",
        "hoist-non-react-statics": "^3.3.0"
      }
    },
    "node_modules/@types/prop-types": {
      "version": "15.7.12",
      "resolved": "https://registry.npmjs.org/@types/prop-types/-/prop-types-15.7.12.tgz",
      "integrity": "sha512-5zvhXYtRNRluoE/jAp4GVsSduVUzNWKkOZrCDBWYtE7biZywwdC2AcEzg+cSMLFRfVgeAFqpfNabiPjxFddV1Q=="
    },
    "node_modules/@types/react": {
      "version": "18.3.3",
      "resolved": "https://registry.npmjs.org/@types/react/-/react-18.3.3.tgz",
      "integrity": "sha512-hti/R0pS0q1/xx+TsI73XIqk26eBsISZ2R0wUijXIngRK9R/e7Xw/cXVxQK7R5JjW+SV4zGcn5hXjudkN/pLIw==",
      "dependencies": {
        "@types/prop-types": "*",
        "csstype": "^3.0.2"
      }
    },
    "node_modules/@types/react-dom": {
      "version": "18.3.0",
      "resolved": "https://registry.npmjs.org/@types/react-dom/-/react-dom-18.3.0.tgz",
      "integrity": "sha512-EhwApuTmMBmXuFOikhQLIBUn6uFg81SwLMOAUgodJF14SOBOCMdU04gDoYi0WOJJHD144TL32z4yDqCW3dnkQg==",
      "peer": true,
      "dependencies": {
        "@types/react": "*"
      }
    },
    "node_modules/csstype": {
      "version": "3.1.3",
      "resolved": "https://registry.npmjs.org/csstype/-/csstype-3.1.3.tgz",
      "integrity": "sha512-M1uQkMl8rQK/szD0LNhtqxIPLpimGm8sOBwU7lLnCpSbTyY3yeU1Vc7l4KT5zT4s/yOxHH5O7tIuuLOCnLADRw=="
    },
    "node_modules/deepmerge": {
      "version": "2.2.1",
      "resolved": "https://registry.npmjs.org/deepmerge/-/deepmerge-2.2.1.tgz",
      "integrity": "sha512-R9hc1Xa/NOBi9WRVUWg19rl1UB7Tt4kuPd+thNJgFZoxXsTz7ncaPaeIm+40oSGuP33DfMb4sZt1QIGiJzC4EA==",
      "engines": {
        "node": ">=0.10.0"
      }
    },
    "node_modules/formik": {
      "version": "2.4.6",
      "resolved": "https://registry.npmjs.org/formik/-/formik-2.4.6.tgz",
      "integrity": "sha512-A+2EI7U7aG296q2TLGvNapDNTZp1khVt5Vk0Q/fyfSROss0V/V6+txt2aJnwEos44IxTCW/LYAi/zgWzlevj+g==",
      "funding": [
        {
          "type": "individual",
          "url": "https://opencollective.com/formik"
        }
      ],
      "dependencies": {
        "@types/hoist-non-react-statics": "^3.3.1",
        "deepmerge": "^2.1.1",
        "hoist-non-react-statics": "^3.3.0",
        "lodash": "^4.17.21",
        "lodash-es": "^4.17.21",
        "react-fast-compare": "^2.0.1",
        "tiny-warning": "^1.0.2",
        "tslib": "^2.0.0"
      },
      "peerDependencies": {
        "react": ">=16.8.0"
      }
    },
    "node_modules/hoist-non-react-statics": {
      "version": "3.3.2",
      "resolved": "https://registry.npmjs.org/hoist-non-react-statics/-/hoist-non-react-statics-3.3.2.tgz",
      "integrity": "sha512-/gGivxi8JPKWNm/W0jSmzcMPpfpPLc3dY/6GxhX2hQ9iGj3aDfklV4ET7NjKpSinLpJ5vafa9iiGIEZg10SfBw==",
      "dependencies": {
        "react-is": "^16.7.0"
      }
    },
    "node_modules/js-tokens": {
      "version": "4.0.0",
      "resolved": "https://registry.npmjs.org/js-tokens/-/js-tokens-4.0.0.tgz",
      "integrity": "sha512-RdJUflcE3cUzKiMqQgsCu06FPu9UdIJO0beYbPhHN4k6apgJtifcoCtT9bcxOpYBtpD2kCM6Sbzg4CausW/PKQ==",
      "peer": true
    },
    "node_modules/lodash": {
      "version": "4.17.21",
      "resolved": "https://registry.npmjs.org/lodash/-/lodash-4.17.21.tgz",
      "integrity": "sha512-v2kDEe57lecTulaDIuNTPy3Ry4gLGJ6Z1O3vE1krgXZNrsQ+LFTGHVxVjcXPs17LhbZVGedAJv8XZ1tvj5FvSg=="
    },
    "node_modules/lodash-es": {
      "version": "4.17.21",
      "resolved": "https://registry.npmjs.org/lodash-es/-/lodash-es-4.17.21.tgz",
      "integrity": "sha512-mKnC+QJ9pWVzv+C4/U3rRsHapFfHvQFoFB92e52xeyGMcX6/OlIl78je1u8vePzYZSkkogMPJ2yjxxsb89cxyw=="
    },
    "node_modules/loose-envify": {
      "version": "1.4.0",
      "resolved": "https://registry.npmjs.org/loose-envify/-/loose-envify-1.4.0.tgz",
      "integrity": "sha512-lyuxPGr/Wfhrlem2CL/UcnUc1zcqKAImBDzukY7Y5F/yQiNdko6+fRLevlw1HgMySw7f611UIY408EtxRSoK3Q==",
      "peer": true,
      "dependencies": {
        "js-tokens": "^3.0.0 || ^4.0.0"
      },
      "bin": {
        "loose-envify": "cli.js"
      }
    },
    "node_modules/property-expr": {
      "version": "2.0.6",
      "resolved": "https://registry.npmjs.org/property-expr/-/property-expr-2.0.6.tgz",
      "integrity": "sha512-SVtmxhRE/CGkn3eZY1T6pC8Nln6Fr/lu1mKSgRud0eC73whjGfoAogbn78LkD8aFL0zz3bAFerKSnOl7NlErBA=="
    },
    "node_modules/react": {
      "version": "18.3.1",
      "resolved": "https://registry.npmjs.org/react/-/react-18.3.1.tgz",
      "integrity": "sha512-wS+hAgJShR0KhEvPJArfuPVN1+Hz1t0Y6n5jLrGQbkb4urgPE/0Rve+1kMB1v/oWgHgm4WIcV+i7F2pTVj+2iQ==",
      "peer": true,
      "dependencies": {
        "loose-envify": "^1.1.0"
      },
      "engines": {
        "node": ">=0.10.0"
      }
    },
    "node_modules/react-dom": {
      "version": "18.3.1",
      "resolved": "https://registry.npmjs.org/react-dom/-/react-dom-18.3.1.tgz",
      "integrity": "sha512-5m4nQKp+rZRb09LNH59GM4BxTh9251/ylbKIbpe7TpGxfJ+9kv6BLkLBXIjjspbgbnIBNqlI23tRnTWT0snUIw==",
      "peer": true,
      "dependencies": {
        "loose-envify": "^1.1.0",
        "scheduler": "^0.23.2"
      },
      "peerDependencies": {
        "react": "^18.3.1"
      }
    },
    "node_modules/react-fast-compare": {
      "version": "2.0.4",
      "resolved": "https://registry.npmjs.org/react-fast-compare/-/react-fast-compare-2.0.4.tgz",
      "integrity": "sha512-suNP+J1VU1MWFKcyt7RtjiSWUjvidmQSlqu+eHslq+342xCbGTYmC0mEhPCOHxlW0CywylOC1u2DFAT+bv4dBw=="
    },
    "node_modules/react-is": {
      "version": "16.13.1",
      "resolved": "https://registry.npmjs.org/react-is/-/react-is-16.13.1.tgz",
      "integrity": "sha512-24e6ynE2H+OKt4kqsOvNd8kBpV65zoxbA4BVsEOB3ARVWQki/DHzaUoC5KuON/BiccDaCCTZBuOcfZs70kR8bQ=="
    },
    "node_modules/scheduler": {
      "version": "0.23.2",
      "resolved": "https://registry.npmjs.org/scheduler/-/scheduler-0.23.2.tgz",
      "integrity": "sha512-UOShsPwz7NrMUqhR6t0hWjFduvOzbtv7toDH1/hIrfRNIDBnnBWd0CwJTGvTpngVlmwGCdP9/Zl/tVrDqcuYzQ==",
      "peer": true,
      "dependencies": {
        "loose-envify": "^1.1.0"
      }
    },
    "node_modules/tiny-case": {
      "version": "1.0.3",
      "resolved": "https://registry.npmjs.org/tiny-case/-/tiny-case-1.0.3.tgz",
      "integrity": "sha512-Eet/eeMhkO6TX8mnUteS9zgPbUMQa4I6Kkp5ORiBD5476/m+PIRiumP5tmh5ioJpH7k51Kehawy2UDfsnxxY8Q=="
    },
    "node_modules/tiny-warning": {
      "version": "1.0.3",
      "resolved": "https://registry.npmjs.org/tiny-warning/-/tiny-warning-1.0.3.tgz",
      "integrity": "sha512-lBN9zLN/oAf68o3zNXYrdCt1kP8WsiGW8Oo2ka41b2IM5JL/S1CTyX1rW0mb/zSuJun0ZUrDxx4sqvYS2FWzPA=="
    },
    "node_modules/toposort": {
      "version": "2.0.2",
      "resolved": "https://registry.npmjs.org/toposort/-/toposort-2.0.2.tgz",
      "integrity": "sha512-0a5EOkAUp8D4moMi2W8ZF8jcga7BgZd91O/yabJCFY8az+XSzeGyTKs0Aoo897iV1Nj6guFq8orWDS96z91oGg=="
    },
    "node_modules/tslib": {
      "version": "2.6.2",
      "resolved": "https://registry.npmjs.org/tslib/-/tslib-2.6.2.tgz",
      "integrity": "sha512-AEYxH93jGFPn/a2iVAwW87VuUIkR1FVUKB77NwMF7nBTDkDrrT/Hpt/IrCJ0QXhW27jTBDcf5ZY7w6RiqTMw2Q=="
    },
    "node_modules/type-fest": {
      "version": "2.19.0",
      "resolved": "https://registry.npmjs.org/type-fest/-/type-fest-2.19.0.tgz",
      "integrity": "sha512-RAH822pAdBgcNMAfWnCBU3CFZcfZ/i1eZjwFU/dsLKumyuuP3niueg2UAukXYF0E2AAoc82ZSSf9J0WQBinzHA==",
      "engines": {
        "node": ">=12.20"
      },
      "funding": {
        "url": "https://github.com/sponsors/sindresorhus"
      }
    },
    "node_modules/yup": {
      "version": "1.4.0",
      "resolved": "https://registry.npmjs.org/yup/-/yup-1.4.0.tgz",
      "integrity": "sha512-wPbgkJRCqIf+OHyiTBQoJiP5PFuAXaWiJK6AmYkzQAh5/c2K9hzSApBZG5wV9KoKSePF7sAxmNSvh/13YHkFDg==",
      "dependencies": {
        "property-expr": "^2.0.5",
        "tiny-case": "^1.0.3",
        "toposort": "^2.0.2",
        "type-fest": "^2.19.0"
      }
    }
  }
}
